// !$*UTF8*$!
{
	archiveVersion = 1;
	classes = {
	};
	objectVersion = 48;
	objects = {

/* Begin PBXBuildFile section */
		1F3454751F000A8300E7F0C0 /* MenuViewController.swift in Sources */ = {isa = PBXBuildFile; fileRef = 1F3454741F000A8300E7F0C0 /* MenuViewController.swift */; };
		1F3454781F0018CB00E7F0C0 /* CarouselTableViewCell.swift in Sources */ = {isa = PBXBuildFile; fileRef = 1F3454771F0018CB00E7F0C0 /* CarouselTableViewCell.swift */; };
		1F34547A1F003EAC00E7F0C0 /* CarouselCollectionViewCell.swift in Sources */ = {isa = PBXBuildFile; fileRef = 1F3454791F003EAC00E7F0C0 /* CarouselCollectionViewCell.swift */; };
		1F98F6B91EFF24B30073BDF4 /* CardType.swift in Sources */ = {isa = PBXBuildFile; fileRef = 1F98F6B81EFF24B30073BDF4 /* CardType.swift */; };
		1F98F6BB1EFF27AC0073BDF4 /* HeadlineCard.swift in Sources */ = {isa = PBXBuildFile; fileRef = 1F98F6BA1EFF27AC0073BDF4 /* HeadlineCard.swift */; };
		1F98F6BD1EFF2AC00073BDF4 /* ImageSource.swift in Sources */ = {isa = PBXBuildFile; fileRef = 1F98F6BC1EFF2AC00073BDF4 /* ImageSource.swift */; };
		1F98F6C11EFF843B0073BDF4 /* Player.swift in Sources */ = {isa = PBXBuildFile; fileRef = 1F98F6C01EFF843B0073BDF4 /* Player.swift */; };
		1F98F6C31EFFDBD90073BDF4 /* RosterTrend.swift in Sources */ = {isa = PBXBuildFile; fileRef = 1F98F6C21EFFDBD90073BDF4 /* RosterTrend.swift */; };
		1F98F6C51EFFE3F40073BDF4 /* BannerAd.swift in Sources */ = {isa = PBXBuildFile; fileRef = 1F98F6C41EFFE3F40073BDF4 /* BannerAd.swift */; };
		1F98F6C71EFFE4C30073BDF4 /* PlayerNewsVideo.swift in Sources */ = {isa = PBXBuildFile; fileRef = 1F98F6C61EFFE4C30073BDF4 /* PlayerNewsVideo.swift */; };
		1F98F6C91EFFF1A40073BDF4 /* PlayerUpdate.swift in Sources */ = {isa = PBXBuildFile; fileRef = 1F98F6C81EFFF1A40073BDF4 /* PlayerUpdate.swift */; };
		1F98F6CB1EFFF2900073BDF4 /* Author.swift in Sources */ = {isa = PBXBuildFile; fileRef = 1F98F6CA1EFFF2900073BDF4 /* Author.swift */; };
		1F98F6CD1F0004FA0073BDF4 /* FrontsContainerViewController.swift in Sources */ = {isa = PBXBuildFile; fileRef = 1F98F6CC1F0004FA0073BDF4 /* FrontsContainerViewController.swift */; };
		8D84595D1EFEE03200C14FE9 /* AppDelegate.swift in Sources */ = {isa = PBXBuildFile; fileRef = 8D84595C1EFEE03200C14FE9 /* AppDelegate.swift */; };
		8D8459621EFEE03200C14FE9 /* Main.storyboard in Resources */ = {isa = PBXBuildFile; fileRef = 8D8459601EFEE03200C14FE9 /* Main.storyboard */; };
		8D8459671EFEE03200C14FE9 /* LaunchScreen.storyboard in Resources */ = {isa = PBXBuildFile; fileRef = 8D8459651EFEE03200C14FE9 /* LaunchScreen.storyboard */; };
		8D84596F1EFEE1E800C14FE9 /* FrontsViewController.swift in Sources */ = {isa = PBXBuildFile; fileRef = 8D84596E1EFEE1E800C14FE9 /* FrontsViewController.swift */; };
		8D8459781EFEE90100C14FE9 /* FrontsViewModel.swift in Sources */ = {isa = PBXBuildFile; fileRef = 8D8459771EFEE90100C14FE9 /* FrontsViewModel.swift */; };
		8D84597C1EFEE9F000C14FE9 /* WebServiceAPI.swift in Sources */ = {isa = PBXBuildFile; fileRef = 8D84597B1EFEE9F000C14FE9 /* WebServiceAPI.swift */; };
		C948BED55A62892F747AAF85 /* Pods_CBS_Fantasy.framework in Frameworks */ = {isa = PBXBuildFile; fileRef = 9202E6023CC5AF078EFBCC45 /* Pods_CBS_Fantasy.framework */; };
/* End PBXBuildFile section */

/* Begin PBXFileReference section */
		1F3454741F000A8300E7F0C0 /* MenuViewController.swift */ = {isa = PBXFileReference; fileEncoding = 4; lastKnownFileType = sourcecode.swift; path = MenuViewController.swift; sourceTree = "<group>"; };
		1F3454771F0018CB00E7F0C0 /* CarouselTableViewCell.swift */ = {isa = PBXFileReference; fileEncoding = 4; lastKnownFileType = sourcecode.swift; name = CarouselTableViewCell.swift; path = View/CarouselTableViewCell.swift; sourceTree = "<group>"; };
		1F3454791F003EAC00E7F0C0 /* CarouselCollectionViewCell.swift */ = {isa = PBXFileReference; fileEncoding = 4; lastKnownFileType = sourcecode.swift; name = CarouselCollectionViewCell.swift; path = View/CarouselCollectionViewCell.swift; sourceTree = "<group>"; };
		1F98F6B81EFF24B30073BDF4 /* CardType.swift */ = {isa = PBXFileReference; fileEncoding = 4; lastKnownFileType = sourcecode.swift; path = CardType.swift; sourceTree = "<group>"; };
		1F98F6BA1EFF27AC0073BDF4 /* HeadlineCard.swift */ = {isa = PBXFileReference; fileEncoding = 4; lastKnownFileType = sourcecode.swift; path = HeadlineCard.swift; sourceTree = "<group>"; };
		1F98F6BC1EFF2AC00073BDF4 /* ImageSource.swift */ = {isa = PBXFileReference; fileEncoding = 4; lastKnownFileType = sourcecode.swift; path = ImageSource.swift; sourceTree = "<group>"; };
		1F98F6C01EFF843B0073BDF4 /* Player.swift */ = {isa = PBXFileReference; fileEncoding = 4; lastKnownFileType = sourcecode.swift; path = Player.swift; sourceTree = "<group>"; };
		1F98F6C21EFFDBD90073BDF4 /* RosterTrend.swift */ = {isa = PBXFileReference; fileEncoding = 4; lastKnownFileType = sourcecode.swift; path = RosterTrend.swift; sourceTree = "<group>"; };
		1F98F6C41EFFE3F40073BDF4 /* BannerAd.swift */ = {isa = PBXFileReference; fileEncoding = 4; lastKnownFileType = sourcecode.swift; path = BannerAd.swift; sourceTree = "<group>"; };
		1F98F6C61EFFE4C30073BDF4 /* PlayerNewsVideo.swift */ = {isa = PBXFileReference; fileEncoding = 4; lastKnownFileType = sourcecode.swift; path = PlayerNewsVideo.swift; sourceTree = "<group>"; };
		1F98F6C81EFFF1A40073BDF4 /* PlayerUpdate.swift */ = {isa = PBXFileReference; fileEncoding = 4; lastKnownFileType = sourcecode.swift; path = PlayerUpdate.swift; sourceTree = "<group>"; };
		1F98F6CA1EFFF2900073BDF4 /* Author.swift */ = {isa = PBXFileReference; fileEncoding = 4; lastKnownFileType = sourcecode.swift; path = Author.swift; sourceTree = "<group>"; };
		1F98F6CC1F0004FA0073BDF4 /* FrontsContainerViewController.swift */ = {isa = PBXFileReference; fileEncoding = 4; lastKnownFileType = sourcecode.swift; path = FrontsContainerViewController.swift; sourceTree = "<group>"; };
		8D8459591EFEE03200C14FE9 /* CBS Fantasy.app */ = {isa = PBXFileReference; explicitFileType = wrapper.application; includeInIndex = 0; path = "CBS Fantasy.app"; sourceTree = BUILT_PRODUCTS_DIR; };
		8D84595C1EFEE03200C14FE9 /* AppDelegate.swift */ = {isa = PBXFileReference; lastKnownFileType = sourcecode.swift; path = AppDelegate.swift; sourceTree = "<group>"; };
		8D8459611EFEE03200C14FE9 /* Base */ = {isa = PBXFileReference; lastKnownFileType = file.storyboard; name = Base; path = Base.lproj/Main.storyboard; sourceTree = "<group>"; };
		8D8459631EFEE03200C14FE9 /* Info.plist */ = {isa = PBXFileReference; lastKnownFileType = text.plist.xml; path = Info.plist; sourceTree = "<group>"; };
		8D8459661EFEE03200C14FE9 /* Base */ = {isa = PBXFileReference; lastKnownFileType = file.storyboard; name = Base; path = Base.lproj/LaunchScreen.storyboard; sourceTree = "<group>"; };
		8D84596E1EFEE1E800C14FE9 /* FrontsViewController.swift */ = {isa = PBXFileReference; lastKnownFileType = sourcecode.swift; path = FrontsViewController.swift; sourceTree = "<group>"; };
		8D8459701EFEE2C800C14FE9 /* Podfile */ = {isa = PBXFileReference; lastKnownFileType = text; path = Podfile; sourceTree = "<group>"; };
		8D8459721EFEE72900C14FE9 /* CBS Fantasy-Bridging-Header.h */ = {isa = PBXFileReference; lastKnownFileType = sourcecode.c.h; path = "CBS Fantasy-Bridging-Header.h"; sourceTree = "<group>"; };
		8D8459771EFEE90100C14FE9 /* FrontsViewModel.swift */ = {isa = PBXFileReference; lastKnownFileType = sourcecode.swift; path = FrontsViewModel.swift; sourceTree = "<group>"; };
		8D84597B1EFEE9F000C14FE9 /* WebServiceAPI.swift */ = {isa = PBXFileReference; lastKnownFileType = sourcecode.swift; path = WebServiceAPI.swift; sourceTree = "<group>"; };
		8D84597E1EFEEABE00C14FE9 /* Assets.xcassets */ = {isa = PBXFileReference; lastKnownFileType = folder.assetcatalog; path = Assets.xcassets; sourceTree = "<group>"; };
		9202E6023CC5AF078EFBCC45 /* Pods_CBS_Fantasy.framework */ = {isa = PBXFileReference; explicitFileType = wrapper.framework; includeInIndex = 0; path = Pods_CBS_Fantasy.framework; sourceTree = BUILT_PRODUCTS_DIR; };
		B7BE08B11B8EC6F544A3C208 /* Pods-CBS Fantasy.release.xcconfig */ = {isa = PBXFileReference; includeInIndex = 1; lastKnownFileType = text.xcconfig; name = "Pods-CBS Fantasy.release.xcconfig"; path = "Pods/Target Support Files/Pods-CBS Fantasy/Pods-CBS Fantasy.release.xcconfig"; sourceTree = "<group>"; };
		CED855212777D2EC7D40545E /* Pods-CBS Fantasy.debug.xcconfig */ = {isa = PBXFileReference; includeInIndex = 1; lastKnownFileType = text.xcconfig; name = "Pods-CBS Fantasy.debug.xcconfig"; path = "Pods/Target Support Files/Pods-CBS Fantasy/Pods-CBS Fantasy.debug.xcconfig"; sourceTree = "<group>"; };
/* End PBXFileReference section */

/* Begin PBXFrameworksBuildPhase section */
		8D8459561EFEE03200C14FE9 /* Frameworks */ = {
			isa = PBXFrameworksBuildPhase;
			buildActionMask = 2147483647;
			files = (
				C948BED55A62892F747AAF85 /* Pods_CBS_Fantasy.framework in Frameworks */,
			);
			runOnlyForDeploymentPostprocessing = 0;
		};
/* End PBXFrameworksBuildPhase section */

/* Begin PBXGroup section */
		11FCE0E73C8DE6FDE3978B17 /* Frameworks */ = {
			isa = PBXGroup;
			children = (
				9202E6023CC5AF078EFBCC45 /* Pods_CBS_Fantasy.framework */,
			);
			name = Frameworks;
			sourceTree = "<group>";
		};
		1F3454761F00188500E7F0C0 /* Views */ = {
			isa = PBXGroup;
			children = (
				1F3454771F0018CB00E7F0C0 /* CarouselTableViewCell.swift */,
				1F3454791F003EAC00E7F0C0 /* CarouselCollectionViewCell.swift */,
			);
			name = Views;
			sourceTree = "<group>";
		};
		8D8459501EFEE03200C14FE9 = {
			isa = PBXGroup;
			children = (
				8D84595B1EFEE03200C14FE9 /* CBS Fantasy */,
				8D8459791EFEE98E00C14FE9 /* Other */,
				8D84595A1EFEE03200C14FE9 /* Products */,
				E6104468ECD11DE12F818214 /* Pods */,
				11FCE0E73C8DE6FDE3978B17 /* Frameworks */,
				8D8459721EFEE72900C14FE9 /* CBS Fantasy-Bridging-Header.h */,
				8D8459701EFEE2C800C14FE9 /* Podfile */,
			);
			sourceTree = "<group>";
		};
		8D84595A1EFEE03200C14FE9 /* Products */ = {
			isa = PBXGroup;
			children = (
				8D8459591EFEE03200C14FE9 /* CBS Fantasy.app */,
			);
			name = Products;
			sourceTree = "<group>";
		};
		8D84595B1EFEE03200C14FE9 /* CBS Fantasy */ = {
			isa = PBXGroup;
			children = (
				1F3454761F00188500E7F0C0 /* Views */,
				8D84597A1EFEE9D300C14FE9 /* Models */,
				8D8459761EFEE8B500C14FE9 /* Fronts */,
				8D84595C1EFEE03200C14FE9 /* AppDelegate.swift */,
				8D8459601EFEE03200C14FE9 /* Main.storyboard */,
			);
			path = "CBS Fantasy";
			sourceTree = "<group>";
		};
		8D8459761EFEE8B500C14FE9 /* Fronts */ = {
			isa = PBXGroup;
			children = (
				8D84596E1EFEE1E800C14FE9 /* FrontsViewController.swift */,
				8D8459771EFEE90100C14FE9 /* FrontsViewModel.swift */,
				1F98F6CC1F0004FA0073BDF4 /* FrontsContainerViewController.swift */,
				1F3454741F000A8300E7F0C0 /* MenuViewController.swift */,
			);
			path = Fronts;
			sourceTree = "<group>";
		};
		8D8459791EFEE98E00C14FE9 /* Other */ = {
			isa = PBXGroup;
			children = (
				8D84597E1EFEEABE00C14FE9 /* Assets.xcassets */,
				8D8459631EFEE03200C14FE9 /* Info.plist */,
				8D8459651EFEE03200C14FE9 /* LaunchScreen.storyboard */,
			);
			path = Other;
			sourceTree = SOURCE_ROOT;
		};
		8D84597A1EFEE9D300C14FE9 /* Models */ = {
			isa = PBXGroup;
			children = (
				8D84597B1EFEE9F000C14FE9 /* WebServiceAPI.swift */,
				1F98F6B81EFF24B30073BDF4 /* CardType.swift */,
				1F98F6BA1EFF27AC0073BDF4 /* HeadlineCard.swift */,
				1F98F6BC1EFF2AC00073BDF4 /* ImageSource.swift */,
				1F98F6C01EFF843B0073BDF4 /* Player.swift */,
				1F98F6C21EFFDBD90073BDF4 /* RosterTrend.swift */,
				1F98F6C41EFFE3F40073BDF4 /* BannerAd.swift */,
				1F98F6C61EFFE4C30073BDF4 /* PlayerNewsVideo.swift */,
				1F98F6C81EFFF1A40073BDF4 /* PlayerUpdate.swift */,
				1F98F6CA1EFFF2900073BDF4 /* Author.swift */,
			);
			path = Models;
			sourceTree = "<group>";
		};
		E6104468ECD11DE12F818214 /* Pods */ = {
			isa = PBXGroup;
			children = (
				CED855212777D2EC7D40545E /* Pods-CBS Fantasy.debug.xcconfig */,
				B7BE08B11B8EC6F544A3C208 /* Pods-CBS Fantasy.release.xcconfig */,
			);
			name = Pods;
			sourceTree = "<group>";
		};
/* End PBXGroup section */

/* Begin PBXNativeTarget section */
		8D8459581EFEE03200C14FE9 /* CBS Fantasy */ = {
			isa = PBXNativeTarget;
			buildConfigurationList = 8D84596B1EFEE03200C14FE9 /* Build configuration list for PBXNativeTarget "CBS Fantasy" */;
			buildPhases = (
				E58050831C89425185250B00 /* [CP] Check Pods Manifest.lock */,
				8D8459551EFEE03200C14FE9 /* Sources */,
				8D8459561EFEE03200C14FE9 /* Frameworks */,
				8D8459571EFEE03200C14FE9 /* Resources */,
				7A9046FAA86175D12B57FA15 /* [CP] Embed Pods Frameworks */,
				58814D9826847C4D10AC2C99 /* [CP] Copy Pods Resources */,
			);
			buildRules = (
			);
			dependencies = (
			);
			name = "CBS Fantasy";
			productName = "CBS Fantasy";
			productReference = 8D8459591EFEE03200C14FE9 /* CBS Fantasy.app */;
			productType = "com.apple.product-type.application";
		};
/* End PBXNativeTarget section */

/* Begin PBXProject section */
		8D8459511EFEE03200C14FE9 /* Project object */ = {
			isa = PBXProject;
			attributes = {
				LastSwiftUpdateCheck = 0900;
				LastUpgradeCheck = 0900;
				ORGANIZATIONNAME = "Punit Kulkarni";
				TargetAttributes = {
					8D8459581EFEE03200C14FE9 = {
						CreatedOnToolsVersion = 9.0;
						LastSwiftMigration = 0900;
					};
				};
			};
			buildConfigurationList = 8D8459541EFEE03200C14FE9 /* Build configuration list for PBXProject "CBS Fantasy" */;
			compatibilityVersion = "Xcode 8.0";
			developmentRegion = en;
			hasScannedForEncodings = 0;
			knownRegions = (
				en,
				Base,
			);
			mainGroup = 8D8459501EFEE03200C14FE9;
			productRefGroup = 8D84595A1EFEE03200C14FE9 /* Products */;
			projectDirPath = "";
			projectRoot = "";
			targets = (
				8D8459581EFEE03200C14FE9 /* CBS Fantasy */,
			);
		};
/* End PBXProject section */

/* Begin PBXResourcesBuildPhase section */
		8D8459571EFEE03200C14FE9 /* Resources */ = {
			isa = PBXResourcesBuildPhase;
			buildActionMask = 2147483647;
			files = (
				8D8459671EFEE03200C14FE9 /* LaunchScreen.storyboard in Resources */,
				8D8459621EFEE03200C14FE9 /* Main.storyboard in Resources */,
			);
			runOnlyForDeploymentPostprocessing = 0;
		};
/* End PBXResourcesBuildPhase section */

/* Begin PBXShellScriptBuildPhase section */
		58814D9826847C4D10AC2C99 /* [CP] Copy Pods Resources */ = {
			isa = PBXShellScriptBuildPhase;
			buildActionMask = 2147483647;
			files = (
			);
			inputPaths = (
			);
			name = "[CP] Copy Pods Resources";
			outputPaths = (
			);
			runOnlyForDeploymentPostprocessing = 0;
			shellPath = /bin/sh;
			shellScript = "\"${SRCROOT}/Pods/Target Support Files/Pods-CBS Fantasy/Pods-CBS Fantasy-resources.sh\"\n";
			showEnvVarsInLog = 0;
		};
		7A9046FAA86175D12B57FA15 /* [CP] Embed Pods Frameworks */ = {
			isa = PBXShellScriptBuildPhase;
			buildActionMask = 2147483647;
			files = (
			);
			inputPaths = (
			);
			name = "[CP] Embed Pods Frameworks";
			outputPaths = (
			);
			runOnlyForDeploymentPostprocessing = 0;
			shellPath = /bin/sh;
			shellScript = "\"${SRCROOT}/Pods/Target Support Files/Pods-CBS Fantasy/Pods-CBS Fantasy-frameworks.sh\"\n";
			showEnvVarsInLog = 0;
		};
		E58050831C89425185250B00 /* [CP] Check Pods Manifest.lock */ = {
			isa = PBXShellScriptBuildPhase;
			buildActionMask = 2147483647;
			files = (
			);
			inputPaths = (
			);
			name = "[CP] Check Pods Manifest.lock";
			outputPaths = (
			);
			runOnlyForDeploymentPostprocessing = 0;
			shellPath = /bin/sh;
			shellScript = "diff \"${PODS_ROOT}/../Podfile.lock\" \"${PODS_ROOT}/Manifest.lock\" > /dev/null\nif [ $? != 0 ] ; then\n    # print error to STDERR\n    echo \"error: The sandbox is not in sync with the Podfile.lock. Run 'pod install' or update your CocoaPods installation.\" >&2\n    exit 1\nfi\n";
			showEnvVarsInLog = 0;
		};
/* End PBXShellScriptBuildPhase section */

/* Begin PBXSourcesBuildPhase section */
		8D8459551EFEE03200C14FE9 /* Sources */ = {
			isa = PBXSourcesBuildPhase;
			buildActionMask = 2147483647;
			files = (
				8D8459781EFEE90100C14FE9 /* FrontsViewModel.swift in Sources */,
				1F3454751F000A8300E7F0C0 /* MenuViewController.swift in Sources */,
				8D84596F1EFEE1E800C14FE9 /* FrontsViewController.swift in Sources */,
				1F98F6B91EFF24B30073BDF4 /* CardType.swift in Sources */,
				8D84595D1EFEE03200C14FE9 /* AppDelegate.swift in Sources */,
				1F98F6C11EFF843B0073BDF4 /* Player.swift in Sources */,
				1F98F6BD1EFF2AC00073BDF4 /* ImageSource.swift in Sources */,
				1F98F6C51EFFE3F40073BDF4 /* BannerAd.swift in Sources */,
				1F3454781F0018CB00E7F0C0 /* CarouselTableViewCell.swift in Sources */,
				1F98F6C71EFFE4C30073BDF4 /* PlayerNewsVideo.swift in Sources */,
				1F34547A1F003EAC00E7F0C0 /* CarouselCollectionViewCell.swift in Sources */,
				1F98F6CB1EFFF2900073BDF4 /* Author.swift in Sources */,
				1F98F6C31EFFDBD90073BDF4 /* RosterTrend.swift in Sources */,
				1F98F6C91EFFF1A40073BDF4 /* PlayerUpdate.swift in Sources */,
				8D84597C1EFEE9F000C14FE9 /* WebServiceAPI.swift in Sources */,
				1F98F6CD1F0004FA0073BDF4 /* FrontsContainerViewController.swift in Sources */,
				1F98F6BB1EFF27AC0073BDF4 /* HeadlineCard.swift in Sources */,
			);
			runOnlyForDeploymentPostprocessing = 0;
		};
/* End PBXSourcesBuildPhase section */

/* Begin PBXVariantGroup section */
		8D8459601EFEE03200C14FE9 /* Main.storyboard */ = {
			isa = PBXVariantGroup;
			children = (
				8D8459611EFEE03200C14FE9 /* Base */,
			);
			name = Main.storyboard;
			sourceTree = "<group>";
		};
		8D8459651EFEE03200C14FE9 /* LaunchScreen.storyboard */ = {
			isa = PBXVariantGroup;
			children = (
				8D8459661EFEE03200C14FE9 /* Base */,
			);
			name = LaunchScreen.storyboard;
			sourceTree = "<group>";
		};
/* End PBXVariantGroup section */

/* Begin XCBuildConfiguration section */
		8D8459691EFEE03200C14FE9 /* Debug */ = {
			isa = XCBuildConfiguration;
			buildSettings = {
				ALWAYS_SEARCH_USER_PATHS = NO;
				CLANG_ANALYZER_NONNULL = YES;
				CLANG_ANALYZER_NUMBER_OBJECT_CONVERSION = YES_AGGRESSIVE;
				CLANG_CXX_LANGUAGE_STANDARD = "gnu++14";
				CLANG_CXX_LIBRARY = "libc++";
				CLANG_ENABLE_MODULES = YES;
				CLANG_ENABLE_OBJC_ARC = YES;
				CLANG_WARN_BLOCK_CAPTURE_AUTORELEASING = YES;
				CLANG_WARN_BOOL_CONVERSION = YES;
				CLANG_WARN_COMMA = YES;
				CLANG_WARN_CONSTANT_CONVERSION = YES;
				CLANG_WARN_DIRECT_OBJC_ISA_USAGE = YES_ERROR;
				CLANG_WARN_DOCUMENTATION_COMMENTS = YES;
				CLANG_WARN_EMPTY_BODY = YES;
				CLANG_WARN_ENUM_CONVERSION = YES;
				CLANG_WARN_INFINITE_RECURSION = YES;
				CLANG_WARN_INT_CONVERSION = YES;
				CLANG_WARN_OBJC_ROOT_CLASS = YES_ERROR;
				CLANG_WARN_RANGE_LOOP_ANALYSIS = YES;
				CLANG_WARN_STRICT_PROTOTYPES = YES;
				CLANG_WARN_SUSPICIOUS_MOVE = YES;
				CLANG_WARN_UNGUARDED_AVAILABILITY = YES_AGGRESSIVE;
				CLANG_WARN_UNREACHABLE_CODE = YES;
				CLANG_WARN__DUPLICATE_METHOD_MATCH = YES;
				CODE_SIGN_IDENTITY = "iPhone Developer";
				COPY_PHASE_STRIP = NO;
				DEBUG_INFORMATION_FORMAT = dwarf;
				ENABLE_STRICT_OBJC_MSGSEND = YES;
				ENABLE_TESTABILITY = YES;
				GCC_C_LANGUAGE_STANDARD = gnu11;
				GCC_DYNAMIC_NO_PIC = NO;
				GCC_NO_COMMON_BLOCKS = YES;
				GCC_OPTIMIZATION_LEVEL = 0;
				GCC_PREPROCESSOR_DEFINITIONS = (
					"DEBUG=1",
					"$(inherited)",
				);
				GCC_WARN_64_TO_32_BIT_CONVERSION = YES;
				GCC_WARN_ABOUT_RETURN_TYPE = YES_ERROR;
				GCC_WARN_UNDECLARED_SELECTOR = YES;
				GCC_WARN_UNINITIALIZED_AUTOS = YES_AGGRESSIVE;
				GCC_WARN_UNUSED_FUNCTION = YES;
				GCC_WARN_UNUSED_VARIABLE = YES;
				IPHONEOS_DEPLOYMENT_TARGET = 11.0;
				MTL_ENABLE_DEBUG_INFO = YES;
				ONLY_ACTIVE_ARCH = YES;
				SDKROOT = iphoneos;
				SWIFT_ACTIVE_COMPILATION_CONDITIONS = DEBUG;
				SWIFT_OPTIMIZATION_LEVEL = "-Onone";
			};
			name = Debug;
		};
		8D84596A1EFEE03200C14FE9 /* Release */ = {
			isa = XCBuildConfiguration;
			buildSettings = {
				ALWAYS_SEARCH_USER_PATHS = NO;
				CLANG_ANALYZER_NONNULL = YES;
				CLANG_ANALYZER_NUMBER_OBJECT_CONVERSION = YES_AGGRESSIVE;
				CLANG_CXX_LANGUAGE_STANDARD = "gnu++14";
				CLANG_CXX_LIBRARY = "libc++";
				CLANG_ENABLE_MODULES = YES;
				CLANG_ENABLE_OBJC_ARC = YES;
				CLANG_WARN_BLOCK_CAPTURE_AUTORELEASING = YES;
				CLANG_WARN_BOOL_CONVERSION = YES;
				CLANG_WARN_COMMA = YES;
				CLANG_WARN_CONSTANT_CONVERSION = YES;
				CLANG_WARN_DIRECT_OBJC_ISA_USAGE = YES_ERROR;
				CLANG_WARN_DOCUMENTATION_COMMENTS = YES;
				CLANG_WARN_EMPTY_BODY = YES;
				CLANG_WARN_ENUM_CONVERSION = YES;
				CLANG_WARN_INFINITE_RECURSION = YES;
				CLANG_WARN_INT_CONVERSION = YES;
				CLANG_WARN_OBJC_ROOT_CLASS = YES_ERROR;
				CLANG_WARN_RANGE_LOOP_ANALYSIS = YES;
				CLANG_WARN_STRICT_PROTOTYPES = YES;
				CLANG_WARN_SUSPICIOUS_MOVE = YES;
				CLANG_WARN_UNGUARDED_AVAILABILITY = YES_AGGRESSIVE;
				CLANG_WARN_UNREACHABLE_CODE = YES;
				CLANG_WARN__DUPLICATE_METHOD_MATCH = YES;
				CODE_SIGN_IDENTITY = "iPhone Developer";
				COPY_PHASE_STRIP = NO;
				DEBUG_INFORMATION_FORMAT = "dwarf-with-dsym";
				ENABLE_NS_ASSERTIONS = NO;
				ENABLE_STRICT_OBJC_MSGSEND = YES;
				GCC_C_LANGUAGE_STANDARD = gnu11;
				GCC_NO_COMMON_BLOCKS = YES;
				GCC_WARN_64_TO_32_BIT_CONVERSION = YES;
				GCC_WARN_ABOUT_RETURN_TYPE = YES_ERROR;
				GCC_WARN_UNDECLARED_SELECTOR = YES;
				GCC_WARN_UNINITIALIZED_AUTOS = YES_AGGRESSIVE;
				GCC_WARN_UNUSED_FUNCTION = YES;
				GCC_WARN_UNUSED_VARIABLE = YES;
				IPHONEOS_DEPLOYMENT_TARGET = 11.0;
				MTL_ENABLE_DEBUG_INFO = NO;
				SDKROOT = iphoneos;
				SWIFT_OPTIMIZATION_LEVEL = "-Owholemodule";
				VALIDATE_PRODUCT = YES;
			};
			name = Release;
		};
		8D84596C1EFEE03200C14FE9 /* Debug */ = {
			isa = XCBuildConfiguration;
			baseConfigurationReference = CED855212777D2EC7D40545E /* Pods-CBS Fantasy.debug.xcconfig */;
			buildSettings = {
				ASSETCATALOG_COMPILER_APPICON_NAME = AppIcon;
				CLANG_ENABLE_MODULES = YES;
				DEVELOPMENT_TEAM = AN9C8XGB3Z;
				INFOPLIST_FILE = "$(SRCROOT)/Other/Info.plist";
				IPHONEOS_DEPLOYMENT_TARGET = 10.0;
				LD_RUNPATH_SEARCH_PATHS = "$(inherited) @executable_path/Frameworks";
				PRODUCT_BUNDLE_IDENTIFIER = "com.punitkulkarni.CBS-Fantasy";
				PRODUCT_NAME = "$(TARGET_NAME)";
				SWIFT_OBJC_BRIDGING_HEADER = "CBS Fantasy-Bridging-Header.h";
				SWIFT_OPTIMIZATION_LEVEL = "-Onone";
				SWIFT_VERSION = 3.0;
				TARGETED_DEVICE_FAMILY = "1,2";
			};
			name = Debug;
		};
		8D84596D1EFEE03200C14FE9 /* Release */ = {
			isa = XCBuildConfiguration;
			baseConfigurationReference = B7BE08B11B8EC6F544A3C208 /* Pods-CBS Fantasy.release.xcconfig */;
			buildSettings = {
				ASSETCATALOG_COMPILER_APPICON_NAME = AppIcon;
				CLANG_ENABLE_MODULES = YES;
				DEVELOPMENT_TEAM = AN9C8XGB3Z;
				INFOPLIST_FILE = "$(SRCROOT)/Other/Info.plist";
				IPHONEOS_DEPLOYMENT_TARGET = 10.0;
				LD_RUNPATH_SEARCH_PATHS = "$(inherited) @executable_path/Frameworks";
				PRODUCT_BUNDLE_IDENTIFIER = "com.punitkulkarni.CBS-Fantasy";
				PRODUCT_NAME = "$(TARGET_NAME)";
				SWIFT_OBJC_BRIDGING_HEADER = "CBS Fantasy-Bridging-Header.h";
				SWIFT_VERSION = 3.0;
				TARGETED_DEVICE_FAMILY = "1,2";
			};
			name = Release;
		};
/* End XCBuildConfiguration section */

/* Begin XCConfigurationList section */
		8D8459541EFEE03200C14FE9 /* Build configuration list for PBXProject "CBS Fantasy" */ = {
			isa = XCConfigurationList;
			buildConfigurations = (
				8D8459691EFEE03200C14FE9 /* Debug */,
				8D84596A1EFEE03200C14FE9 /* Release */,
			);
			defaultConfigurationIsVisible = 0;
			defaultConfigurationName = Release;
		};
		8D84596B1EFEE03200C14FE9 /* Build configuration list for PBXNativeTarget "CBS Fantasy" */ = {
			isa = XCConfigurationList;
			buildConfigurations = (
				8D84596C1EFEE03200C14FE9 /* Debug */,
				8D84596D1EFEE03200C14FE9 /* Release */,
			);
			defaultConfigurationIsVisible = 0;
			defaultConfigurationName = Release;
		};
/* End XCConfigurationList section */
	};
	rootObject = 8D8459511EFEE03200C14FE9 /* Project object */;
}
